
Microsoft Visual Studio Solution File, Format Version 12.00
# Visual Studio Version 16
VisualStudioVersion = 16.0.31729.503
MinimumVisualStudioVersion = 10.0.40219.1
Project("{FAE04EC0-301F-11D3-BF4B-00C04F79EFBC}") = "LibManagementBackUp", "LibManagementBackUp\LibManagementBackUp.csproj", "{C8387DFF-4B46-4696-A321-BD99F3C9C786}"
EndProject
Global
	GlobalSection(SolutionConfigurationPlatforms) = preSolution
		Debug|Any CPU = Debug|Any CPU
		Release|Any CPU = Release|Any CPU
	EndGlobalSection
	GlobalSection(ProjectConfigurationPlatforms) = postSolution
		{C8387DFF-4B46-4696-A321-BD99F3C9C786}.Debug|Any CPU.ActiveCfg = Debug|Any CPU
		{C8387DFF-4B46-4696-A321-BD99F3C9C786}.Debug|Any CPU.Build.0 = Debug|Any CPU
		{C8387DFF-4B46-4696-A321-BD99F3C9C786}.Release|Any CPU.ActiveCfg = Release|Any CPU
		{C8387DFF-4B46-4696-A321-BD99F3C9C786}.Release|Any CPU.Build.0 = Release|Any CPU
	EndGlobalSection
	GlobalSection(SolutionProperties) = preSolution
		HideSolutionNode = FALSE
	EndGlobalSection
	GlobalSection(ExtensibilityGlobals) = postSolution
		SolutionGuid = {930F4572-7D7C-4AF6-BF90-DA2E24EEEED1}
	EndGlobalSection
EndGlobal
